
Microsoft Visual Studio Solution File, Format Version 12.00
# Visual Studio Version 16
VisualStudioVersion = 16.0.31410.357
MinimumVisualStudioVersion = 10.0.40219.1
Project("{9A19103F-16F7-4668-BE54-9A1E7A4F7556}") = "Wheely.Web", "Wheely.Web\Wheely.Web.csproj", "{5762AAC4-C84C-431D-BE64-2844E40D108D}"
EndProject
Project("{9A19103F-16F7-4668-BE54-9A1E7A4F7556}") = "Wheely.Core", "Wheely.Core\Wheely.Core.csproj", "{45DCDA28-93CE-4FD1-9295-079E71B6E006}"
EndProject
Project("{9A19103F-16F7-4668-BE54-9A1E7A4F7556}") = "Wheely.Data", "Wheely.Data\Wheely.Data.csproj", "{8624897B-E0AD-422C-8E2D-26821DDB2EDA}"
EndProject
Project("{9A19103F-16F7-4668-BE54-9A1E7A4F7556}") = "Wheely.Service", "Wheely.Service\Wheely.Service.csproj", "{E38DBB46-ADC6-4E8E-9149-80464E1C1164}"
EndProject
Project("{9A19103F-16F7-4668-BE54-9A1E7A4F7556}") = "Wheely.Admin", "Wheely.Admin\Wheely.Admin.csproj", "{54993E76-BC6F-47C5-A3A8-A2F50EBA0EFF}"
EndProject
Project("{2150E333-8FDC-42A3-9474-1A3956D46DE8}") = "Libraries", "Libraries", "{3A9D856F-DF7C-42FB-85A1-13A9D6541EF1}"
EndProject
Project("{2150E333-8FDC-42A3-9474-1A3956D46DE8}") = "Webs", "Webs", "{D607FF17-5F00-4E88-BF66-06304DD0A63B}"
EndProject
Project("{2150E333-8FDC-42A3-9474-1A3956D46DE8}") = "Tests", "Tests", "{5DCA9DCC-F20E-4196-9863-2E8CE27941E2}"
EndProject
Global
	GlobalSection(SolutionConfigurationPlatforms) = preSolution
		Debug|Any CPU = Debug|Any CPU
		Release|Any CPU = Release|Any CPU
	EndGlobalSection
	GlobalSection(ProjectConfigurationPlatforms) = postSolution
		{5762AAC4-C84C-431D-BE64-2844E40D108D}.Debug|Any CPU.ActiveCfg = Debug|Any CPU
		{5762AAC4-C84C-431D-BE64-2844E40D108D}.Debug|Any CPU.Build.0 = Debug|Any CPU
		{5762AAC4-C84C-431D-BE64-2844E40D108D}.Release|Any CPU.ActiveCfg = Release|Any CPU
		{5762AAC4-C84C-431D-BE64-2844E40D108D}.Release|Any CPU.Build.0 = Release|Any CPU
		{45DCDA28-93CE-4FD1-9295-079E71B6E006}.Debug|Any CPU.ActiveCfg = Debug|Any CPU
		{45DCDA28-93CE-4FD1-9295-079E71B6E006}.Debug|Any CPU.Build.0 = Debug|Any CPU
		{45DCDA28-93CE-4FD1-9295-079E71B6E006}.Release|Any CPU.ActiveCfg = Release|Any CPU
		{45DCDA28-93CE-4FD1-9295-079E71B6E006}.Release|Any CPU.Build.0 = Release|Any CPU
		{8624897B-E0AD-422C-8E2D-26821DDB2EDA}.Debug|Any CPU.ActiveCfg = Debug|Any CPU
		{8624897B-E0AD-422C-8E2D-26821DDB2EDA}.Debug|Any CPU.Build.0 = Debug|Any CPU
		{8624897B-E0AD-422C-8E2D-26821DDB2EDA}.Release|Any CPU.ActiveCfg = Release|Any CPU
		{8624897B-E0AD-422C-8E2D-26821DDB2EDA}.Release|Any CPU.Build.0 = Release|Any CPU
		{E38DBB46-ADC6-4E8E-9149-80464E1C1164}.Debug|Any CPU.ActiveCfg = Debug|Any CPU
		{E38DBB46-ADC6-4E8E-9149-80464E1C1164}.Debug|Any CPU.Build.0 = Debug|Any CPU
		{E38DBB46-ADC6-4E8E-9149-80464E1C1164}.Release|Any CPU.ActiveCfg = Release|Any CPU
		{E38DBB46-ADC6-4E8E-9149-80464E1C1164}.Release|Any CPU.Build.0 = Release|Any CPU
		{54993E76-BC6F-47C5-A3A8-A2F50EBA0EFF}.Debug|Any CPU.ActiveCfg = Debug|Any CPU
		{54993E76-BC6F-47C5-A3A8-A2F50EBA0EFF}.Debug|Any CPU.Build.0 = Debug|Any CPU
		{54993E76-BC6F-47C5-A3A8-A2F50EBA0EFF}.Release|Any CPU.ActiveCfg = Release|Any CPU
		{54993E76-BC6F-47C5-A3A8-A2F50EBA0EFF}.Release|Any CPU.Build.0 = Release|Any CPU
	EndGlobalSection
	GlobalSection(SolutionProperties) = preSolution
		HideSolutionNode = FALSE
	EndGlobalSection
	GlobalSection(NestedProjects) = preSolution
		{5762AAC4-C84C-431D-BE64-2844E40D108D} = {D607FF17-5F00-4E88-BF66-06304DD0A63B}
		{45DCDA28-93CE-4FD1-9295-079E71B6E006} = {3A9D856F-DF7C-42FB-85A1-13A9D6541EF1}
		{8624897B-E0AD-422C-8E2D-26821DDB2EDA} = {3A9D856F-DF7C-42FB-85A1-13A9D6541EF1}
		{E38DBB46-ADC6-4E8E-9149-80464E1C1164} = {3A9D856F-DF7C-42FB-85A1-13A9D6541EF1}
		{54993E76-BC6F-47C5-A3A8-A2F50EBA0EFF} = {D607FF17-5F00-4E88-BF66-06304DD0A63B}
	EndGlobalSection
	GlobalSection(ExtensibilityGlobals) = postSolution
		SolutionGuid = {B262345F-DFC3-49ED-8374-88183C496968}
	EndGlobalSection
EndGlobal
